uuid: 1ae1a1b2-8104-4a77-84de-ec99ff8d30fa
langcode: en
status: true
dependencies:
  config:
    - commerce_product.commerce_product_type.default
    - field.storage.commerce_product.field_tagline_block
    - paragraphs.paragraphs_type.tagline_block
  module:
    - entity_reference_revisions
id: commerce_product.default.field_tagline_block
field_name: field_tagline_block
entity_type: commerce_product
bundle: default
label: 'Tagline block'
description: ''
required: false
translatable: false
default_value: {  }
default_value_callback: ''
settings:
  handler: 'default:paragraph'
  handler_settings:
    target_bundles:
      tagline_block: tagline_block
    negate: 0
    target_bundles_drag_drop:
      banner:
        weight: 32
        enabled: false
      basemap:
        weight: 33
        enabled: false
      faq:
        weight: 34
        enabled: false
      faq_title_with_description:
        weight: 35
        enabled: false
      features_list:
        weight: 36
        enabled: false
      greeting_text_with_image:
        weight: 37
        enabled: false
      heading_list_with_cta:
        weight: 38
        enabled: false
      heading_with_cta_and_media_text:
        weight: 39
        enabled: false
      heading_with_media_description:
        weight: 40
        enabled: false
      heading_with_texts:
        weight: 41
        enabled: false
      headings_with_images:
        weight: 42
        enabled: false
      icons_with_links:
        weight: 43
        enabled: false
      image_with_cta_and_heading:
        weight: 44
        enabled: false
      image_with_cta_disclaimer:
        weight: 45
        enabled: false
      images_with_list:
        weight: 46
        enabled: false
      media_with_title_and_description:
        weight: 47
        enabled: false
      slider_services_tabs:
        weight: 48
        enabled: false
      social_links:
        weight: 49
        enabled: false
      tab_image_heading_with_button:
        weight: 50
        enabled: false
      tab_services:
        weight: 51
        enabled: false
      tab_slider_and_services:
        weight: 52
        enabled: false
      tabs:
        weight: 53
        enabled: false
      tabs_data:
        weight: 54
        enabled: false
      tabs_datas:
        weight: 55
        enabled: false
      tagline_block:
        weight: 56
        enabled: true
      text_description_with_list_:
        weight: 57
        enabled: false
      text_image_with_list:
        weight: 58
        enabled: false
      text_with_cta_and_image:
        weight: 59
        enabled: false
      text_with_description_:
        weight: 60
        enabled: false
      video_with_subtitle:
        weight: 61
        enabled: false
      view_reference:
        weight: 62
        enabled: false
field_type: entity_reference_revisions
